
Microsoft Visual Studio Solution File, Format Version 12.00
# Visual Studio 15
VisualStudioVersion = 15.0.28307.329
MinimumVisualStudioVersion = 10.0.40219.1
Project("{FAE04EC0-301F-11D3-BF4B-00C04F79EFBC}") = "enviroment_pro", "enviroment_pro\enviroment_pro.csproj", "{3A7A1D6F-5908-4AAB-9E4A-999C82FB19F9}"
EndProject
Global
	GlobalSection(SolutionConfigurationPlatforms) = preSolution
		Debug|Any CPU = Debug|Any CPU
		Release|Any CPU = Release|Any CPU
	EndGlobalSection
	GlobalSection(ProjectConfigurationPlatforms) = postSolution
		{3A7A1D6F-5908-4AAB-9E4A-999C82FB19F9}.Debug|Any CPU.ActiveCfg = Debug|Any CPU
		{3A7A1D6F-5908-4AAB-9E4A-999C82FB19F9}.Debug|Any CPU.Build.0 = Debug|Any CPU
		{3A7A1D6F-5908-4AAB-9E4A-999C82FB19F9}.Release|Any CPU.ActiveCfg = Release|Any CPU
		{3A7A1D6F-5908-4AAB-9E4A-999C82FB19F9}.Release|Any CPU.Build.0 = Release|Any CPU
	EndGlobalSection
	GlobalSection(SolutionProperties) = preSolution
		HideSolutionNode = FALSE
	EndGlobalSection
	GlobalSection(ExtensibilityGlobals) = postSolution
		SolutionGuid = {62F3E613-FDBB-4411-8BB1-80AF6903074D}
	EndGlobalSection
EndGlobal
